// !$*UTF8*$!
{
	archiveVersion = 1;
	classes = {
	};
	objectVersion = 46;
	objects = {

/* Begin PBXBuildFile section */
		04C5FBC11DDD41E500CFB2AB /* main.m in Sources */ = {isa = PBXBuildFile; fileRef = 04C5FBC01DDD41E500CFB2AB /* main.m */; };
		04C5FBC41DDD41E500CFB2AB /* AppDelegate.m in Sources */ = {isa = PBXBuildFile; fileRef = 04C5FBC31DDD41E500CFB2AB /* AppDelegate.m */; };
		04C5FBC71DDD41E500CFB2AB /* ViewController.m in Sources */ = {isa = PBXBuildFile; fileRef = 04C5FBC61DDD41E500CFB2AB /* ViewController.m */; };
		04C5FBCA1DDD41E500CFB2AB /* Main.storyboard in Resources */ = {isa = PBXBuildFile; fileRef = 04C5FBC81DDD41E500CFB2AB /* Main.storyboard */; };
		04C5FBCC1DDD41E500CFB2AB /* Assets.xcassets in Resources */ = {isa = PBXBuildFile; fileRef = 04C5FBCB1DDD41E500CFB2AB /* Assets.xcassets */; };
		04C5FBCF1DDD41E500CFB2AB /* LaunchScreen.storyboard in Resources */ = {isa = PBXBuildFile; fileRef = 04C5FBCD1DDD41E500CFB2AB /* LaunchScreen.storyboard */; };
/* End PBXBuildFile section */

/* Begin PBXFileReference section */
		04C5FBBC1DDD41E500CFB2AB /* 美团2.app */ = {isa = PBXFileReference; explicitFileType = wrapper.application; includeInIndex = 0; path = "美团2.app"; sourceTree = BUILT_PRODUCTS_DIR; };
		04C5FBC01DDD41E500CFB2AB /* main.m */ = {isa = PBXFileReference; lastKnownFileType = sourcecode.c.objc; path = main.m; sourceTree = "<group>"; };
		04C5FBC21DDD41E500CFB2AB /* AppDelegate.h */ = {isa = PBXFileReference; lastKnownFileType = sourcecode.c.h; path = AppDelegate.h; sourceTree = "<group>"; };
		04C5FBC31DDD41E500CFB2AB /* AppDelegate.m */ = {isa = PBXFileReference; lastKnownFileType = sourcecode.c.objc; path = AppDelegate.m; sourceTree = "<group>"; };
		04C5FBC51DDD41E500CFB2AB /* ViewController.h */ = {isa = PBXFileReference; lastKnownFileType = sourcecode.c.h; path = ViewController.h; sourceTree = "<group>"; };
		04C5FBC61DDD41E500CFB2AB /* ViewController.m */ = {isa = PBXFileReference; lastKnownFileType = sourcecode.c.objc; path = ViewController.m; sourceTree = "<group>"; };
		04C5FBC91DDD41E500CFB2AB /* Base */ = {isa = PBXFileReference; lastKnownFileType = file.storyboard; name = Base; path = Base.lproj/Main.storyboard; sourceTree = "<group>"; };
		04C5FBCB1DDD41E500CFB2AB /* Assets.xcassets */ = {isa = PBXFileReference; lastKnownFileType = folder.assetcatalog; path = Assets.xcassets; sourceTree = "<group>"; };
		04C5FBCE1DDD41E500CFB2AB /* Base */ = {isa = PBXFileReference; lastKnownFileType = file.storyboard; name = Base; path = Base.lproj/LaunchScreen.storyboard; sourceTree = "<group>"; };
		04C5FBD01DDD41E500CFB2AB /* Info.plist */ = {isa = PBXFileReference; lastKnownFileType = text.plist.xml; path = Info.plist; sourceTree = "<group>"; };
/* End PBXFileReference section */

/* Begin PBXFrameworksBuildPhase section */
		04C5FBB91DDD41E500CFB2AB /* Frameworks */ = {
			isa = PBXFrameworksBuildPhase;
			buildActionMask = 2147483647;
			files = (
			);
			runOnlyForDeploymentPostprocessing = 0;
		};
/* End PBXFrameworksBuildPhase section */

/* Begin PBXGroup section */
		04C5FBB31DDD41E500CFB2AB = {
			isa = PBXGroup;
			children = (
				04C5FBBE1DDD41E500CFB2AB /* 美团2 */,
				04C5FBBD1DDD41E500CFB2AB /* Products */,
			);
			sourceTree = "<group>";
		};
		04C5FBBD1DDD41E500CFB2AB /* Products */ = {
			isa = PBXGroup;
			children = (
				04C5FBBC1DDD41E500CFB2AB /* 美团2.app */,
			);
			name = Products;
			sourceTree = "<group>";
		};
		04C5FBBE1DDD41E500CFB2AB /* 美团2 */ = {
			isa = PBXGroup;
			children = (
				04C5FBC21DDD41E500CFB2AB /* AppDelegate.h */,
				04C5FBC31DDD41E500CFB2AB /* AppDelegate.m */,
				04C5FBC51DDD41E500CFB2AB /* ViewController.h */,
				04C5FBC61DDD41E500CFB2AB /* ViewController.m */,
				04C5FBC81DDD41E500CFB2AB /* Main.storyboard */,
				04C5FBCB1DDD41E500CFB2AB /* Assets.xcassets */,
				04C5FBCD1DDD41E500CFB2AB /* LaunchScreen.storyboard */,
				04C5FBD01DDD41E500CFB2AB /* Info.plist */,
				04C5FBBF1DDD41E500CFB2AB /* Supporting Files */,
			);
			path = "美团2";
			sourceTree = "<group>";
		};
		04C5FBBF1DDD41E500CFB2AB /* Supporting Files */ = {
			isa = PBXGroup;
			children = (
				04C5FBC01DDD41E500CFB2AB /* main.m */,
			);
			name = "Supporting Files";
			sourceTree = "<group>";
		};
/* End PBXGroup section */

/* Begin PBXNativeTarget section */
		04C5FBBB1DDD41E500CFB2AB /* 美团2 */ = {
			isa = PBXNativeTarget;
			buildConfigurationList = 04C5FBD31DDD41E500CFB2AB /* Build configuration list for PBXNativeTarget "美团2" */;
			buildPhases = (
				04C5FBB81DDD41E500CFB2AB /* Sources */,
				04C5FBB91DDD41E500CFB2AB /* Frameworks */,
				04C5FBBA1DDD41E500CFB2AB /* Resources */,
			);
			buildRules = (
			);
			dependencies = (
			);
			name = "美团2";
			productName = "美团2";
			productReference = 04C5FBBC1DDD41E500CFB2AB /* 美团2.app */;
			productType = "com.apple.product-type.application";
		};
/* End PBXNativeTarget section */

/* Begin PBXProject section */
		04C5FBB41DDD41E500CFB2AB /* Project object */ = {
			isa = PBXProject;
			attributes = {
				LastUpgradeCheck = 0710;
				ORGANIZATIONNAME = macd;
				TargetAttributes = {
					04C5FBBB1DDD41E500CFB2AB = {
						CreatedOnToolsVersion = 7.1;
					};
				};
			};
			buildConfigurationList = 04C5FBB71DDD41E500CFB2AB /* Build configuration list for PBXProject "美团2" */;
			compatibilityVersion = "Xcode 3.2";
			developmentRegion = English;
			hasScannedForEncodings = 0;
			knownRegions = (
				en,
				Base,
			);
			mainGroup = 04C5FBB31DDD41E500CFB2AB;
			productRefGroup = 04C5FBBD1DDD41E500CFB2AB /* Products */;
			projectDirPath = "";
			projectRoot = "";
			targets = (
				04C5FBBB1DDD41E500CFB2AB /* 美团2 */,
			);
		};
/* End PBXProject section */

/* Begin PBXResourcesBuildPhase section */
		04C5FBBA1DDD41E500CFB2AB /* Resources */ = {
			isa = PBXResourcesBuildPhase;
			buildActionMask = 2147483647;
			files = (
				04C5FBCF1DDD41E500CFB2AB /* LaunchScreen.storyboard in Resources */,
				04C5FBCC1DDD41E500CFB2AB /* Assets.xcassets in Resources */,
				04C5FBCA1DDD41E500CFB2AB /* Main.storyboard in Resources */,
			);
			runOnlyForDeploymentPostprocessing = 0;
		};
/* End PBXResourcesBuildPhase section */

/* Begin PBXSourcesBuildPhase section */
		04C5FBB81DDD41E500CFB2AB /* Sources */ = {
			isa = PBXSourcesBuildPhase;
			buildActionMask = 2147483647;
			files = (
				04C5FBC71DDD41E500CFB2AB /* ViewController.m in Sources */,
				04C5FBC41DDD41E500CFB2AB /* AppDelegate.m in Sources */,
				04C5FBC11DDD41E500CFB2AB /* main.m in Sources */,
			);
			runOnlyForDeploymentPostprocessing = 0;
		};
/* End PBXSourcesBuildPhase section */

/* Begin PBXVariantGroup section */
		04C5FBC81DDD41E500CFB2AB /* Main.storyboard */ = {
			isa = PBXVariantGroup;
			children = (
				04C5FBC91DDD41E500CFB2AB /* Base */,
			);
			name = Main.storyboard;
			sourceTree = "<group>";
		};
		04C5FBCD1DDD41E500CFB2AB /* LaunchScreen.storyboard */ = {
			isa = PBXVariantGroup;
			children = (
				04C5FBCE1DDD41E500CFB2AB /* Base */,
			);
			name = LaunchScreen.storyboard;
			sourceTree = "<group>";
		};
/* End PBXVariantGroup section */

/* Begin XCBuildConfiguration section */
		04C5FBD11DDD41E500CFB2AB /* Debug */ = {
			isa = XCBuildConfiguration;
			buildSettings = {
				ALWAYS_SEARCH_USER_PATHS = NO;
				CLANG_CXX_LANGUAGE_STANDARD = "gnu++0x";
				CLANG_CXX_LIBRARY = "libc++";
				CLANG_ENABLE_MODULES = YES;
				CLANG_ENABLE_OBJC_ARC = YES;
				CLANG_WARN_BOOL_CONVERSION = YES;
				CLANG_WARN_CONSTANT_CONVERSION = YES;
				CLANG_WARN_DIRECT_OBJC_ISA_USAGE = YES_ERROR;
				CLANG_WARN_EMPTY_BODY = YES;
				CLANG_WARN_ENUM_CONVERSION = YES;
				CLANG_WARN_INT_CONVERSION = YES;
				CLANG_WARN_OBJC_ROOT_CLASS = YES_ERROR;
				CLANG_WARN_UNREACHABLE_CODE = YES;
				CLANG_WARN__DUPLICATE_METHOD_MATCH = YES;
				"CODE_SIGN_IDENTITY[sdk=iphoneos*]" = "iPhone Developer";
				COPY_PHASE_STRIP = NO;
				DEBUG_INFORMATION_FORMAT = dwarf;
				ENABLE_STRICT_OBJC_MSGSEND = YES;
				ENABLE_TESTABILITY = YES;
				GCC_C_LANGUAGE_STANDARD = gnu99;
				GCC_DYNAMIC_NO_PIC = NO;
				GCC_NO_COMMON_BLOCKS = YES;
				GCC_OPTIMIZATION_LEVEL = 0;
				GCC_PREPROCESSOR_DEFINITIONS = (
					"DEBUG=1",
					"$(inherited)",
				);
				GCC_WARN_64_TO_32_BIT_CONVERSION = YES;
				GCC_WARN_ABOUT_RETURN_TYPE = YES_ERROR;
				GCC_WARN_UNDECLARED_SELECTOR = YES;
				GCC_WARN_UNINITIALIZED_AUTOS = YES_AGGRESSIVE;
				GCC_WARN_UNUSED_FUNCTION = YES;
				GCC_WARN_UNUSED_VARIABLE = YES;
				IPHONEOS_DEPLOYMENT_TARGET = 9.1;
				MTL_ENABLE_DEBUG_INFO = YES;
				ONLY_ACTIVE_ARCH = YES;
				SDKROOT = iphoneos;
			};
			name = Debug;
		};
		04C5FBD21DDD41E500CFB2AB /* Release */ = {
			isa = XCBuildConfiguration;
			buildSettings = {
				ALWAYS_SEARCH_USER_PATHS = NO;
				CLANG_CXX_LANGUAGE_STANDARD = "gnu++0x";
				CLANG_CXX_LIBRARY = "libc++";
				CLANG_ENABLE_MODULES = YES;
				CLANG_ENABLE_OBJC_ARC = YES;
				CLANG_WARN_BOOL_CONVERSION = YES;
				CLANG_WARN_CONSTANT_CONVERSION = YES;
				CLANG_WARN_DIRECT_OBJC_ISA_USAGE = YES_ERROR;
				CLANG_WARN_EMPTY_BODY = YES;
				CLANG_WARN_ENUM_CONVERSION = YES;
				CLANG_WARN_INT_CONVERSION = YES;
				CLANG_WARN_OBJC_ROOT_CLASS = YES_ERROR;
				CLANG_WARN_UNREACHABLE_CODE = YES;
				CLANG_WARN__DUPLICATE_METHOD_MATCH = YES;
				"CODE_SIGN_IDENTITY[sdk=iphoneos*]" = "iPhone Developer";
				COPY_PHASE_STRIP = NO;
				DEBUG_INFORMATION_FORMAT = "dwarf-with-dsym";
				ENABLE_NS_ASSERTIONS = NO;
				ENABLE_STRICT_OBJC_MSGSEND = YES;
				GCC_C_LANGUAGE_STANDARD = gnu99;
				GCC_NO_COMMON_BLOCKS = YES;
				GCC_WARN_64_TO_32_BIT_CONVERSION = YES;
				GCC_WARN_ABOUT_RETURN_TYPE = YES_ERROR;
				GCC_WARN_UNDECLARED_SELECTOR = YES;
				GCC_WARN_UNINITIALIZED_AUTOS = YES_AGGRESSIVE;
				GCC_WARN_UNUSED_FUNCTION = YES;
				GCC_WARN_UNUSED_VARIABLE = YES;
				IPHONEOS_DEPLOYMENT_TARGET = 9.1;
				MTL_ENABLE_DEBUG_INFO = NO;
				SDKROOT = iphoneos;
				VALIDATE_PRODUCT = YES;
			};
			name = Release;
		};
		04C5FBD41DDD41E500CFB2AB /* Debug */ = {
			isa = XCBuildConfiguration;
			buildSettings = {
				ASSETCATALOG_COMPILER_APPICON_NAME = AppIcon;
				INFOPLIST_FILE = "美团2/Info.plist";
				LD_RUNPATH_SEARCH_PATHS = "$(inherited) @executable_path/Frameworks";
				PRODUCT_BUNDLE_IDENTIFIER = "e.--2";
				PRODUCT_NAME = "$(TARGET_NAME)";
			};
			name = Debug;
		};
		04C5FBD51DDD41E500CFB2AB /* Release */ = {
			isa = XCBuildConfiguration;
			buildSettings = {
				ASSETCATALOG_COMPILER_APPICON_NAME = AppIcon;
				INFOPLIST_FILE = "美团2/Info.plist";
				LD_RUNPATH_SEARCH_PATHS = "$(inherited) @executable_path/Frameworks";
				PRODUCT_BUNDLE_IDENTIFIER = "e.--2";
				PRODUCT_NAME = "$(TARGET_NAME)";
			};
			name = Release;
		};
/* End XCBuildConfiguration section */

/* Begin XCConfigurationList section */
		04C5FBB71DDD41E500CFB2AB /* Build configuration list for PBXProject "美团2" */ = {
			isa = XCConfigurationList;
			buildConfigurations = (
				04C5FBD11DDD41E500CFB2AB /* Debug */,
				04C5FBD21DDD41E500CFB2AB /* Release */,
			);
			defaultConfigurationIsVisible = 0;
			defaultConfigurationName = Release;
		};
		04C5FBD31DDD41E500CFB2AB /* Build configuration list for PBXNativeTarget "美团2" */ = {
			isa = XCConfigurationList;
			buildConfigurations = (
				04C5FBD41DDD41E500CFB2AB /* Debug */,
				04C5FBD51DDD41E500CFB2AB /* Release */,
			);
			defaultConfigurationIsVisible = 0;
		};
/* End XCConfigurationList section */
	};
	rootObject = 04C5FBB41DDD41E500CFB2AB /* Project object */;
}
